
Microsoft Visual Studio Solution File, Format Version 12.00
# Visual Studio Version 17
VisualStudioVersion = 17.14.36804.6 d17.14
MinimumVisualStudioVersion = 10.0.40219.1
Project("{FAE04EC0-301F-11D3-BF4B-00C04F79EFBC}") = "CsabaDu.DynamicTestData.Core.NUnit", "CsabaDu.DynamicTestData.Core.NUnit.csproj", "{F420DDAE-1576-43DD-A606-646C34574522}"
EndProject
Project("{FAE04EC0-301F-11D3-BF4B-00C04F79EFBC}") = "CsabaDu.DynamicTestData.Core", "..\CsabaDu.DynamicTestData.Core\CsabaDu.DynamicTestData.Core.csproj", "{7A2ED004-A641-9D9A-011A-8D66A4B9B4F3}"
EndProject
Global
	GlobalSection(SolutionConfigurationPlatforms) = preSolution
		Debug|Any CPU = Debug|Any CPU
		Release|Any CPU = Release|Any CPU
	EndGlobalSection
	GlobalSection(ProjectConfigurationPlatforms) = postSolution
		{F420DDAE-1576-43DD-A606-646C34574522}.Debug|Any CPU.ActiveCfg = Debug|Any CPU
		{F420DDAE-1576-43DD-A606-646C34574522}.Debug|Any CPU.Build.0 = Debug|Any CPU
		{F420DDAE-1576-43DD-A606-646C34574522}.Release|Any CPU.ActiveCfg = Release|Any CPU
		{F420DDAE-1576-43DD-A606-646C34574522}.Release|Any CPU.Build.0 = Release|Any CPU
		{7A2ED004-A641-9D9A-011A-8D66A4B9B4F3}.Debug|Any CPU.ActiveCfg = Debug|Any CPU
		{7A2ED004-A641-9D9A-011A-8D66A4B9B4F3}.Debug|Any CPU.Build.0 = Debug|Any CPU
		{7A2ED004-A641-9D9A-011A-8D66A4B9B4F3}.Release|Any CPU.ActiveCfg = Release|Any CPU
		{7A2ED004-A641-9D9A-011A-8D66A4B9B4F3}.Release|Any CPU.Build.0 = Release|Any CPU
	EndGlobalSection
	GlobalSection(SolutionProperties) = preSolution
		HideSolutionNode = FALSE
	EndGlobalSection
	GlobalSection(ExtensibilityGlobals) = postSolution
		SolutionGuid = {1FE11320-A6EC-4512-B582-D8B426C54722}
	EndGlobalSection
EndGlobal
